
Microsoft Visual Studio Solution File, Format Version 12.00
# Visual Studio Version 16
VisualStudioVersion = 16.0.31911.196
MinimumVisualStudioVersion = 10.0.40219.1
Project("{FAE04EC0-301F-11D3-BF4B-00C04F79EFBC}") = "MongoDB_Tutorial", "MongoDB_Tutorial\MongoDB_Tutorial.csproj", "{BC3B9010-B2C2-484D-AB86-CA6BA7C019AD}"
EndProject
Global
	GlobalSection(SolutionConfigurationPlatforms) = preSolution
		Debug|Any CPU = Debug|Any CPU
		Release|Any CPU = Release|Any CPU
	EndGlobalSection
	GlobalSection(ProjectConfigurationPlatforms) = postSolution
		{BC3B9010-B2C2-484D-AB86-CA6BA7C019AD}.Debug|Any CPU.ActiveCfg = Debug|Any CPU
		{BC3B9010-B2C2-484D-AB86-CA6BA7C019AD}.Debug|Any CPU.Build.0 = Debug|Any CPU
		{BC3B9010-B2C2-484D-AB86-CA6BA7C019AD}.Release|Any CPU.ActiveCfg = Release|Any CPU
		{BC3B9010-B2C2-484D-AB86-CA6BA7C019AD}.Release|Any CPU.Build.0 = Release|Any CPU
	EndGlobalSection
	GlobalSection(SolutionProperties) = preSolution
		HideSolutionNode = FALSE
	EndGlobalSection
	GlobalSection(ExtensibilityGlobals) = postSolution
		SolutionGuid = {55F94831-EFF9-4812-AD9C-FF6E22845528}
	EndGlobalSection
EndGlobal
